{
  "name": "equalheight",
  "version": "4.0.0",
  "lockfileVersion": 1,
  "requires": true,
  "dependencies": {
    "@types/jquery": {
      "version": "1.10.33",
      "resolved": "https://registry.npmjs.org/@types/jquery/-/jquery-1.10.33.tgz",
      "integrity": "sha512-na7VheaJZaPQs6jJx8Rn1E7mucDWdJSjXEaXKIAa5+RNtcHYPtckJseGx7w1L14EKzhmAZx3JDXKEGXMipZ57g==",
      "dev": true
    },
    "commander": {
      "version": "2.11.0",
      "resolved": "https://registry.npmjs.org/commander/-/commander-2.11.0.tgz",
      "integrity": "sha512-b0553uYA5YAEGgyYIGYROzKQ7X5RAqedkfjiZxwi0kL1g3bOaBNNZfYkzt/CL0umgD5wc9Jec2FbB98CjkMRvQ==",
      "dev": true
    },
    "jquery": {
      "version": "3.2.1",
      "resolved": "https://registry.npmjs.org/jquery/-/jquery-3.2.1.tgz",
      "integrity": "sha1-XE2d5lKvbNCncBVKYxu6ErAVx4c="
    },
    "source-map": {
      "version": "0.5.7",
      "resolved": "https://registry.npmjs.org/source-map/-/source-map-0.5.7.tgz",
      "integrity": "sha1-igOdLRAh0i0eoUyA2OpGi6LvP8w=",
      "dev": true
    },
    "typescript": {
      "version": "2.5.2",
      "resolved": "https://registry.npmjs.org/typescript/-/typescript-2.5.2.tgz",
      "integrity": "sha1-A4qV99m7tCCxvzW6MdTFwd0//jQ=",
      "dev": true
    },
    "uglify-js": {
      "version": "3.1.0",
      "resolved": "https://registry.npmjs.org/uglify-js/-/uglify-js-3.1.0.tgz",
      "integrity": "sha512-PGUXuTJ5AkrfPsyg0L9/LD+BWYm9feVngbWpW5bg7Q3B7hqDM3xz00tNby4yY0CqjrLTF6CP9wpb/aNITRuSXg==",
      "dev": true,
      "requires": {
        "commander": "2.11.0",
        "source-map": "0.5.7"
      }
    }
  }
}
